
Microsoft Visual Studio Solution File, Format Version 12.00
# Visual Studio Version 17
VisualStudioVersion = 17.10.34928.147
MinimumVisualStudioVersion = 10.0.40219.1
Project("{FAE04EC0-301F-11D3-BF4B-00C04F79EFBC}") = "yandextest", "yandextest\yandextest.csproj", "{EC247285-391A-4FFE-97C8-5404C9A47325}"
EndProject
Global
	GlobalSection(SolutionConfigurationPlatforms) = preSolution
		Debug|Any CPU = Debug|Any CPU
		Release|Any CPU = Release|Any CPU
	EndGlobalSection
	GlobalSection(ProjectConfigurationPlatforms) = postSolution
		{EC247285-391A-4FFE-97C8-5404C9A47325}.Debug|Any CPU.ActiveCfg = Debug|Any CPU
		{EC247285-391A-4FFE-97C8-5404C9A47325}.Debug|Any CPU.Build.0 = Debug|Any CPU
		{EC247285-391A-4FFE-97C8-5404C9A47325}.Release|Any CPU.ActiveCfg = Release|Any CPU
		{EC247285-391A-4FFE-97C8-5404C9A47325}.Release|Any CPU.Build.0 = Release|Any CPU
	EndGlobalSection
	GlobalSection(SolutionProperties) = preSolution
		HideSolutionNode = FALSE
	EndGlobalSection
	GlobalSection(ExtensibilityGlobals) = postSolution
		SolutionGuid = {6E995C67-718D-421B-8508-063F0163D5D8}
	EndGlobalSection
EndGlobal
